
Microsoft Visual Studio Solution File, Format Version 12.00
# Visual Studio Version 17
VisualStudioVersion = 17.0.31903.59
MinimumVisualStudioVersion = 10.0.40219.1
Project("{2150E333-8FDC-42A3-9474-1A3956D46DE8}") = "src", "src", "{827E0CD3-B72D-47B6-A68D-7590B98EB39B}"
EndProject
Project("{2150E333-8FDC-42A3-9474-1A3956D46DE8}") = "ApiGateway", "ApiGateway", "{FCA01246-F2C6-0AA7-D43F-FD13BE0B9D88}"
EndProject
Project("{FAE04EC0-301F-11D3-BF4B-00C04F79EFBC}") = "PRS.ApiGateway", "src\ApiGateway\PRS.ApiGateway\PRS.ApiGateway.csproj", "{957B16F0-6696-4CE2-959C-E25269296D4B}"
EndProject
Project("{2150E333-8FDC-42A3-9474-1A3956D46DE8}") = "Services", "Services", "{984BB9B3-3FA3-BE33-9484-CAC21695A33C}"
EndProject
Project("{FAE04EC0-301F-11D3-BF4B-00C04F79EFBC}") = "PRS.AuthService", "src\Services\PRS.AuthService\PRS.AuthService.csproj", "{EE38B24B-AD69-4061-AE16-D6718E7EC2FC}"
EndProject
Project("{FAE04EC0-301F-11D3-BF4B-00C04F79EFBC}") = "PRS.DiagnoosisService", "src\Services\PRS.DiagnoosisService\PRS.DiagnoosisService.csproj", "{9E415465-D215-459A-905A-3FFAAA07F748}"
EndProject
Project("{FAE04EC0-301F-11D3-BF4B-00C04F79EFBC}") = "PRS.MonitoringService", "src\Services\PRS.MonitoringService\PRS.MonitoringService.csproj", "{DD48DF7E-A8B3-42F7-9D7C-E35A661278F9}"
EndProject
Project("{FAE04EC0-301F-11D3-BF4B-00C04F79EFBC}") = "PRS.NotificationService", "src\Services\PRS.NotificationService\PRS.NotificationService.csproj", "{3080782A-F86A-4680-B426-DA3411A60DD0}"
EndProject
Project("{FAE04EC0-301F-11D3-BF4B-00C04F79EFBC}") = "PRS.PatientService", "src\Services\PRS.PatientService\PRS.PatientService.csproj", "{C4A71C9F-4FF1-428F-B742-70570C4AE37B}"
EndProject
Project("{FAE04EC0-301F-11D3-BF4B-00C04F79EFBC}") = "PRS.RehabilitationService", "src\Services\PRS.RehabilitationService\PRS.RehabilitationService.csproj", "{BB1773FC-AA42-41B8-99AB-9AAF96F8B223}"
EndProject
Project("{2150E333-8FDC-42A3-9474-1A3956D46DE8}") = "Shared", "Shared", "{C8E42992-5E42-0C2B-DBFE-AA848D06431C}"
EndProject
Project("{FAE04EC0-301F-11D3-BF4B-00C04F79EFBC}") = "PRS.Shared.Infrastructure", "src\Shared\PRS.Shared.Infrastructure\PRS.Shared.Infrastructure.csproj", "{3F811B03-D92D-44BC-B0EB-CA9B7BA6B19F}"
EndProject
Project("{FAE04EC0-301F-11D3-BF4B-00C04F79EFBC}") = "PRS.Shared.Models", "src\Shared\PRS.Shared.Models\PRS.Shared.Models.csproj", "{7704DE1C-903C-4B19-9C90-6B7727FA4D09}"
EndProject
Global
	GlobalSection(SolutionConfigurationPlatforms) = preSolution
		Debug|Any CPU = Debug|Any CPU
		Debug|x64 = Debug|x64
		Debug|x86 = Debug|x86
		Release|Any CPU = Release|Any CPU
		Release|x64 = Release|x64
		Release|x86 = Release|x86
	EndGlobalSection
	GlobalSection(ProjectConfigurationPlatforms) = postSolution
		{957B16F0-6696-4CE2-959C-E25269296D4B}.Debug|Any CPU.ActiveCfg = Debug|Any CPU
		{957B16F0-6696-4CE2-959C-E25269296D4B}.Debug|Any CPU.Build.0 = Debug|Any CPU
		{957B16F0-6696-4CE2-959C-E25269296D4B}.Debug|x64.ActiveCfg = Debug|Any CPU
		{957B16F0-6696-4CE2-959C-E25269296D4B}.Debug|x64.Build.0 = Debug|Any CPU
		{957B16F0-6696-4CE2-959C-E25269296D4B}.Debug|x86.ActiveCfg = Debug|Any CPU
		{957B16F0-6696-4CE2-959C-E25269296D4B}.Debug|x86.Build.0 = Debug|Any CPU
		{957B16F0-6696-4CE2-959C-E25269296D4B}.Release|Any CPU.ActiveCfg = Release|Any CPU
		{957B16F0-6696-4CE2-959C-E25269296D4B}.Release|Any CPU.Build.0 = Release|Any CPU
		{957B16F0-6696-4CE2-959C-E25269296D4B}.Release|x64.ActiveCfg = Release|Any CPU
		{957B16F0-6696-4CE2-959C-E25269296D4B}.Release|x64.Build.0 = Release|Any CPU
		{957B16F0-6696-4CE2-959C-E25269296D4B}.Release|x86.ActiveCfg = Release|Any CPU
		{957B16F0-6696-4CE2-959C-E25269296D4B}.Release|x86.Build.0 = Release|Any CPU
		{EE38B24B-AD69-4061-AE16-D6718E7EC2FC}.Debug|Any CPU.ActiveCfg = Debug|Any CPU
		{EE38B24B-AD69-4061-AE16-D6718E7EC2FC}.Debug|Any CPU.Build.0 = Debug|Any CPU
		{EE38B24B-AD69-4061-AE16-D6718E7EC2FC}.Debug|x64.ActiveCfg = Debug|Any CPU
		{EE38B24B-AD69-4061-AE16-D6718E7EC2FC}.Debug|x64.Build.0 = Debug|Any CPU
		{EE38B24B-AD69-4061-AE16-D6718E7EC2FC}.Debug|x86.ActiveCfg = Debug|Any CPU
		{EE38B24B-AD69-4061-AE16-D6718E7EC2FC}.Debug|x86.Build.0 = Debug|Any CPU
		{EE38B24B-AD69-4061-AE16-D6718E7EC2FC}.Release|Any CPU.ActiveCfg = Release|Any CPU
		{EE38B24B-AD69-4061-AE16-D6718E7EC2FC}.Release|Any CPU.Build.0 = Release|Any CPU
		{EE38B24B-AD69-4061-AE16-D6718E7EC2FC}.Release|x64.ActiveCfg = Release|Any CPU
		{EE38B24B-AD69-4061-AE16-D6718E7EC2FC}.Release|x64.Build.0 = Release|Any CPU
		{EE38B24B-AD69-4061-AE16-D6718E7EC2FC}.Release|x86.ActiveCfg = Release|Any CPU
		{EE38B24B-AD69-4061-AE16-D6718E7EC2FC}.Release|x86.Build.0 = Release|Any CPU
		{9E415465-D215-459A-905A-3FFAAA07F748}.Debug|Any CPU.ActiveCfg = Debug|Any CPU
		{9E415465-D215-459A-905A-3FFAAA07F748}.Debug|Any CPU.Build.0 = Debug|Any CPU
		{9E415465-D215-459A-905A-3FFAAA07F748}.Debug|x64.ActiveCfg = Debug|Any CPU
		{9E415465-D215-459A-905A-3FFAAA07F748}.Debug|x64.Build.0 = Debug|Any CPU
		{9E415465-D215-459A-905A-3FFAAA07F748}.Debug|x86.ActiveCfg = Debug|Any CPU
		{9E415465-D215-459A-905A-3FFAAA07F748}.Debug|x86.Build.0 = Debug|Any CPU
		{9E415465-D215-459A-905A-3FFAAA07F748}.Release|Any CPU.ActiveCfg = Release|Any CPU
		{9E415465-D215-459A-905A-3FFAAA07F748}.Release|Any CPU.Build.0 = Release|Any CPU
		{9E415465-D215-459A-905A-3FFAAA07F748}.Release|x64.ActiveCfg = Release|Any CPU
		{9E415465-D215-459A-905A-3FFAAA07F748}.Release|x64.Build.0 = Release|Any CPU
		{9E415465-D215-459A-905A-3FFAAA07F748}.Release|x86.ActiveCfg = Release|Any CPU
		{9E415465-D215-459A-905A-3FFAAA07F748}.Release|x86.Build.0 = Release|Any CPU
		{DD48DF7E-A8B3-42F7-9D7C-E35A661278F9}.Debug|Any CPU.ActiveCfg = Debug|Any CPU
		{DD48DF7E-A8B3-42F7-9D7C-E35A661278F9}.Debug|Any CPU.Build.0 = Debug|Any CPU
		{DD48DF7E-A8B3-42F7-9D7C-E35A661278F9}.Debug|x64.ActiveCfg = Debug|Any CPU
		{DD48DF7E-A8B3-42F7-9D7C-E35A661278F9}.Debug|x64.Build.0 = Debug|Any CPU
		{DD48DF7E-A8B3-42F7-9D7C-E35A661278F9}.Debug|x86.ActiveCfg = Debug|Any CPU
		{DD48DF7E-A8B3-42F7-9D7C-E35A661278F9}.Debug|x86.Build.0 = Debug|Any CPU
		{DD48DF7E-A8B3-42F7-9D7C-E35A661278F9}.Release|Any CPU.ActiveCfg = Release|Any CPU
		{DD48DF7E-A8B3-42F7-9D7C-E35A661278F9}.Release|Any CPU.Build.0 = Release|Any CPU
		{DD48DF7E-A8B3-42F7-9D7C-E35A661278F9}.Release|x64.ActiveCfg = Release|Any CPU
		{DD48DF7E-A8B3-42F7-9D7C-E35A661278F9}.Release|x64.Build.0 = Release|Any CPU
		{DD48DF7E-A8B3-42F7-9D7C-E35A661278F9}.Release|x86.ActiveCfg = Release|Any CPU
		{DD48DF7E-A8B3-42F7-9D7C-E35A661278F9}.Release|x86.Build.0 = Release|Any CPU
		{3080782A-F86A-4680-B426-DA3411A60DD0}.Debug|Any CPU.ActiveCfg = Debug|Any CPU
		{3080782A-F86A-4680-B426-DA3411A60DD0}.Debug|Any CPU.Build.0 = Debug|Any CPU
		{3080782A-F86A-4680-B426-DA3411A60DD0}.Debug|x64.ActiveCfg = Debug|Any CPU
		{3080782A-F86A-4680-B426-DA3411A60DD0}.Debug|x64.Build.0 = Debug|Any CPU
		{3080782A-F86A-4680-B426-DA3411A60DD0}.Debug|x86.ActiveCfg = Debug|Any CPU
		{3080782A-F86A-4680-B426-DA3411A60DD0}.Debug|x86.Build.0 = Debug|Any CPU
		{3080782A-F86A-4680-B426-DA3411A60DD0}.Release|Any CPU.ActiveCfg = Release|Any CPU
		{3080782A-F86A-4680-B426-DA3411A60DD0}.Release|Any CPU.Build.0 = Release|Any CPU
		{3080782A-F86A-4680-B426-DA3411A60DD0}.Release|x64.ActiveCfg = Release|Any CPU
		{3080782A-F86A-4680-B426-DA3411A60DD0}.Release|x64.Build.0 = Release|Any CPU
		{3080782A-F86A-4680-B426-DA3411A60DD0}.Release|x86.ActiveCfg = Release|Any CPU
		{3080782A-F86A-4680-B426-DA3411A60DD0}.Release|x86.Build.0 = Release|Any CPU
		{C4A71C9F-4FF1-428F-B742-70570C4AE37B}.Debug|Any CPU.ActiveCfg = Debug|Any CPU
		{C4A71C9F-4FF1-428F-B742-70570C4AE37B}.Debug|Any CPU.Build.0 = Debug|Any CPU
		{C4A71C9F-4FF1-428F-B742-70570C4AE37B}.Debug|x64.ActiveCfg = Debug|Any CPU
		{C4A71C9F-4FF1-428F-B742-70570C4AE37B}.Debug|x64.Build.0 = Debug|Any CPU
		{C4A71C9F-4FF1-428F-B742-70570C4AE37B}.Debug|x86.ActiveCfg = Debug|Any CPU
		{C4A71C9F-4FF1-428F-B742-70570C4AE37B}.Debug|x86.Build.0 = Debug|Any CPU
		{C4A71C9F-4FF1-428F-B742-70570C4AE37B}.Release|Any CPU.ActiveCfg = Release|Any CPU
		{C4A71C9F-4FF1-428F-B742-70570C4AE37B}.Release|Any CPU.Build.0 = Release|Any CPU
		{C4A71C9F-4FF1-428F-B742-70570C4AE37B}.Release|x64.ActiveCfg = Release|Any CPU
		{C4A71C9F-4FF1-428F-B742-70570C4AE37B}.Release|x64.Build.0 = Release|Any CPU
		{C4A71C9F-4FF1-428F-B742-70570C4AE37B}.Release|x86.ActiveCfg = Release|Any CPU
		{C4A71C9F-4FF1-428F-B742-70570C4AE37B}.Release|x86.Build.0 = Release|Any CPU
		{BB1773FC-AA42-41B8-99AB-9AAF96F8B223}.Debug|Any CPU.ActiveCfg = Debug|Any CPU
		{BB1773FC-AA42-41B8-99AB-9AAF96F8B223}.Debug|Any CPU.Build.0 = Debug|Any CPU
		{BB1773FC-AA42-41B8-99AB-9AAF96F8B223}.Debug|x64.ActiveCfg = Debug|Any CPU
		{BB1773FC-AA42-41B8-99AB-9AAF96F8B223}.Debug|x64.Build.0 = Debug|Any CPU
		{BB1773FC-AA42-41B8-99AB-9AAF96F8B223}.Debug|x86.ActiveCfg = Debug|Any CPU
		{BB1773FC-AA42-41B8-99AB-9AAF96F8B223}.Debug|x86.Build.0 = Debug|Any CPU
		{BB1773FC-AA42-41B8-99AB-9AAF96F8B223}.Release|Any CPU.ActiveCfg = Release|Any CPU
		{BB1773FC-AA42-41B8-99AB-9AAF96F8B223}.Release|Any CPU.Build.0 = Release|Any CPU
		{BB1773FC-AA42-41B8-99AB-9AAF96F8B223}.Release|x64.ActiveCfg = Release|Any CPU
		{BB1773FC-AA42-41B8-99AB-9AAF96F8B223}.Release|x64.Build.0 = Release|Any CPU
		{BB1773FC-AA42-41B8-99AB-9AAF96F8B223}.Release|x86.ActiveCfg = Release|Any CPU
		{BB1773FC-AA42-41B8-99AB-9AAF96F8B223}.Release|x86.Build.0 = Release|Any CPU
		{3F811B03-D92D-44BC-B0EB-CA9B7BA6B19F}.Debug|Any CPU.ActiveCfg = Debug|Any CPU
		{3F811B03-D92D-44BC-B0EB-CA9B7BA6B19F}.Debug|Any CPU.Build.0 = Debug|Any CPU
		{3F811B03-D92D-44BC-B0EB-CA9B7BA6B19F}.Debug|x64.ActiveCfg = Debug|Any CPU
		{3F811B03-D92D-44BC-B0EB-CA9B7BA6B19F}.Debug|x64.Build.0 = Debug|Any CPU
		{3F811B03-D92D-44BC-B0EB-CA9B7BA6B19F}.Debug|x86.ActiveCfg = Debug|Any CPU
		{3F811B03-D92D-44BC-B0EB-CA9B7BA6B19F}.Debug|x86.Build.0 = Debug|Any CPU
		{3F811B03-D92D-44BC-B0EB-CA9B7BA6B19F}.Release|Any CPU.ActiveCfg = Release|Any CPU
		{3F811B03-D92D-44BC-B0EB-CA9B7BA6B19F}.Release|Any CPU.Build.0 = Release|Any CPU
		{3F811B03-D92D-44BC-B0EB-CA9B7BA6B19F}.Release|x64.ActiveCfg = Release|Any CPU
		{3F811B03-D92D-44BC-B0EB-CA9B7BA6B19F}.Release|x64.Build.0 = Release|Any CPU
		{3F811B03-D92D-44BC-B0EB-CA9B7BA6B19F}.Release|x86.ActiveCfg = Release|Any CPU
		{3F811B03-D92D-44BC-B0EB-CA9B7BA6B19F}.Release|x86.Build.0 = Release|Any CPU
		{7704DE1C-903C-4B19-9C90-6B7727FA4D09}.Debug|Any CPU.ActiveCfg = Debug|Any CPU
		{7704DE1C-903C-4B19-9C90-6B7727FA4D09}.Debug|Any CPU.Build.0 = Debug|Any CPU
		{7704DE1C-903C-4B19-9C90-6B7727FA4D09}.Debug|x64.ActiveCfg = Debug|Any CPU
		{7704DE1C-903C-4B19-9C90-6B7727FA4D09}.Debug|x64.Build.0 = Debug|Any CPU
		{7704DE1C-903C-4B19-9C90-6B7727FA4D09}.Debug|x86.ActiveCfg = Debug|Any CPU
		{7704DE1C-903C-4B19-9C90-6B7727FA4D09}.Debug|x86.Build.0 = Debug|Any CPU
		{7704DE1C-903C-4B19-9C90-6B7727FA4D09}.Release|Any CPU.ActiveCfg = Release|Any CPU
		{7704DE1C-903C-4B19-9C90-6B7727FA4D09}.Release|Any CPU.Build.0 = Release|Any CPU
		{7704DE1C-903C-4B19-9C90-6B7727FA4D09}.Release|x64.ActiveCfg = Release|Any CPU
		{7704DE1C-903C-4B19-9C90-6B7727FA4D09}.Release|x64.Build.0 = Release|Any CPU
		{7704DE1C-903C-4B19-9C90-6B7727FA4D09}.Release|x86.ActiveCfg = Release|Any CPU
		{7704DE1C-903C-4B19-9C90-6B7727FA4D09}.Release|x86.Build.0 = Release|Any CPU
	EndGlobalSection
	GlobalSection(SolutionProperties) = preSolution
		HideSolutionNode = FALSE
	EndGlobalSection
	GlobalSection(NestedProjects) = preSolution
		{FCA01246-F2C6-0AA7-D43F-FD13BE0B9D88} = {827E0CD3-B72D-47B6-A68D-7590B98EB39B}
		{957B16F0-6696-4CE2-959C-E25269296D4B} = {FCA01246-F2C6-0AA7-D43F-FD13BE0B9D88}
		{984BB9B3-3FA3-BE33-9484-CAC21695A33C} = {827E0CD3-B72D-47B6-A68D-7590B98EB39B}
		{EE38B24B-AD69-4061-AE16-D6718E7EC2FC} = {984BB9B3-3FA3-BE33-9484-CAC21695A33C}
		{9E415465-D215-459A-905A-3FFAAA07F748} = {984BB9B3-3FA3-BE33-9484-CAC21695A33C}
		{DD48DF7E-A8B3-42F7-9D7C-E35A661278F9} = {984BB9B3-3FA3-BE33-9484-CAC21695A33C}
		{3080782A-F86A-4680-B426-DA3411A60DD0} = {984BB9B3-3FA3-BE33-9484-CAC21695A33C}
		{C4A71C9F-4FF1-428F-B742-70570C4AE37B} = {984BB9B3-3FA3-BE33-9484-CAC21695A33C}
		{BB1773FC-AA42-41B8-99AB-9AAF96F8B223} = {984BB9B3-3FA3-BE33-9484-CAC21695A33C}
		{C8E42992-5E42-0C2B-DBFE-AA848D06431C} = {827E0CD3-B72D-47B6-A68D-7590B98EB39B}
		{3F811B03-D92D-44BC-B0EB-CA9B7BA6B19F} = {C8E42992-5E42-0C2B-DBFE-AA848D06431C}
		{7704DE1C-903C-4B19-9C90-6B7727FA4D09} = {C8E42992-5E42-0C2B-DBFE-AA848D06431C}
	EndGlobalSection
EndGlobal
