
Microsoft Visual Studio Solution File, Format Version 12.00
# Visual Studio Version 17
VisualStudioVersion = 17.0.31903.59
MinimumVisualStudioVersion = 10.0.40219.1
Project("{2150E333-8FDC-42A3-9474-1A3956D46DE8}") = "src", "src", "{827E0CD3-B72D-47B6-A68D-7590B98EB39B}"
EndProject
Project("{2150E333-8FDC-42A3-9474-1A3956D46DE8}") = "ApiGateway", "ApiGateway", "{FCA01246-F2C6-0AA7-D43F-FD13BE0B9D88}"
EndProject
Project("{FAE04EC0-301F-11D3-BF4B-00C04F79EFBC}") = "PRS.ApiGateway", "src\ApiGateway\PRS.ApiGateway\PRS.ApiGateway.csproj", "{B184A1B4-7495-40C0-A41A-160EF2ED9014}"
EndProject
Project("{2150E333-8FDC-42A3-9474-1A3956D46DE8}") = "Services", "Services", "{984BB9B3-3FA3-BE33-9484-CAC21695A33C}"
EndProject
Project("{FAE04EC0-301F-11D3-BF4B-00C04F79EFBC}") = "PRS.AuthService", "src\Services\PRS.AuthService\PRS.AuthService.csproj", "{674C2D0A-BAFC-4FD0-8B8D-D22BB03D2C82}"
EndProject
Project("{FAE04EC0-301F-11D3-BF4B-00C04F79EFBC}") = "PRS.DiagnosisService", "src\Services\PRS.DiagnosisService\PRS.DiagnosisService.csproj", "{0953870D-1B03-47AD-8FE1-C26FE62FA5B7}"
EndProject
Project("{FAE04EC0-301F-11D3-BF4B-00C04F79EFBC}") = "PRS.MonitoringService", "src\Services\PRS.MonitoringService\PRS.MonitoringService.csproj", "{0B303962-DA5E-4A68-9D2F-93C5BF93C77A}"
EndProject
Project("{FAE04EC0-301F-11D3-BF4B-00C04F79EFBC}") = "PRS.NotificationService", "src\Services\PRS.NotificationService\PRS.NotificationService.csproj", "{19CADE51-D09A-4DF8-B0AE-41F16054C9C4}"
EndProject
Project("{FAE04EC0-301F-11D3-BF4B-00C04F79EFBC}") = "PRS.PatientService", "src\Services\PRS.PatientService\PRS.PatientService.csproj", "{29ED1F9A-B648-4582-8930-B390655595B8}"
EndProject
Project("{FAE04EC0-301F-11D3-BF4B-00C04F79EFBC}") = "PRS.RehabilitationService", "src\Services\PRS.RehabilitationService\PRS.RehabilitationService.csproj", "{49CA8967-B6AE-4C40-984A-C7BF22FF7444}"
EndProject
Project("{2150E333-8FDC-42A3-9474-1A3956D46DE8}") = "Shared", "Shared", "{C8E42992-5E42-0C2B-DBFE-AA848D06431C}"
EndProject
Project("{FAE04EC0-301F-11D3-BF4B-00C04F79EFBC}") = "PRS.Shared.Infrastructure", "src\Shared\PRS.Shared.Infrastructure\PRS.Shared.Infrastructure.csproj", "{25DFEAC2-E26D-4A5B-BC64-87CE87DFB0B2}"
EndProject
Project("{FAE04EC0-301F-11D3-BF4B-00C04F79EFBC}") = "PRS.Shared.Models", "src\Shared\PRS.Shared.Models\PRS.Shared.Models.csproj", "{307E7725-3B78-458D-A117-5B5DFD5EEFC7}"
EndProject
Project("{2150E333-8FDC-42A3-9474-1A3956D46DE8}") = "Solution Items", "Solution Items", "{8EC462FD-D22E-90A8-E5CE-7E832BA40C5D}"
	ProjectSection(SolutionItems) = preProject
		docker-compose.yaml = docker-compose.yaml
	EndProjectSection
EndProject
Global
	GlobalSection(SolutionConfigurationPlatforms) = preSolution
		Debug|Any CPU = Debug|Any CPU
		Debug|x64 = Debug|x64
		Debug|x86 = Debug|x86
		Release|Any CPU = Release|Any CPU
		Release|x64 = Release|x64
		Release|x86 = Release|x86
	EndGlobalSection
	GlobalSection(ProjectConfigurationPlatforms) = postSolution
		{B184A1B4-7495-40C0-A41A-160EF2ED9014}.Debug|Any CPU.ActiveCfg = Debug|Any CPU
		{B184A1B4-7495-40C0-A41A-160EF2ED9014}.Debug|Any CPU.Build.0 = Debug|Any CPU
		{B184A1B4-7495-40C0-A41A-160EF2ED9014}.Debug|x64.ActiveCfg = Debug|Any CPU
		{B184A1B4-7495-40C0-A41A-160EF2ED9014}.Debug|x64.Build.0 = Debug|Any CPU
		{B184A1B4-7495-40C0-A41A-160EF2ED9014}.Debug|x86.ActiveCfg = Debug|Any CPU
		{B184A1B4-7495-40C0-A41A-160EF2ED9014}.Debug|x86.Build.0 = Debug|Any CPU
		{B184A1B4-7495-40C0-A41A-160EF2ED9014}.Release|Any CPU.ActiveCfg = Release|Any CPU
		{B184A1B4-7495-40C0-A41A-160EF2ED9014}.Release|Any CPU.Build.0 = Release|Any CPU
		{B184A1B4-7495-40C0-A41A-160EF2ED9014}.Release|x64.ActiveCfg = Release|Any CPU
		{B184A1B4-7495-40C0-A41A-160EF2ED9014}.Release|x64.Build.0 = Release|Any CPU
		{B184A1B4-7495-40C0-A41A-160EF2ED9014}.Release|x86.ActiveCfg = Release|Any CPU
		{B184A1B4-7495-40C0-A41A-160EF2ED9014}.Release|x86.Build.0 = Release|Any CPU
		{674C2D0A-BAFC-4FD0-8B8D-D22BB03D2C82}.Debug|Any CPU.ActiveCfg = Debug|Any CPU
		{674C2D0A-BAFC-4FD0-8B8D-D22BB03D2C82}.Debug|Any CPU.Build.0 = Debug|Any CPU
		{674C2D0A-BAFC-4FD0-8B8D-D22BB03D2C82}.Debug|x64.ActiveCfg = Debug|Any CPU
		{674C2D0A-BAFC-4FD0-8B8D-D22BB03D2C82}.Debug|x64.Build.0 = Debug|Any CPU
		{674C2D0A-BAFC-4FD0-8B8D-D22BB03D2C82}.Debug|x86.ActiveCfg = Debug|Any CPU
		{674C2D0A-BAFC-4FD0-8B8D-D22BB03D2C82}.Debug|x86.Build.0 = Debug|Any CPU
		{674C2D0A-BAFC-4FD0-8B8D-D22BB03D2C82}.Release|Any CPU.ActiveCfg = Release|Any CPU
		{674C2D0A-BAFC-4FD0-8B8D-D22BB03D2C82}.Release|Any CPU.Build.0 = Release|Any CPU
		{674C2D0A-BAFC-4FD0-8B8D-D22BB03D2C82}.Release|x64.ActiveCfg = Release|Any CPU
		{674C2D0A-BAFC-4FD0-8B8D-D22BB03D2C82}.Release|x64.Build.0 = Release|Any CPU
		{674C2D0A-BAFC-4FD0-8B8D-D22BB03D2C82}.Release|x86.ActiveCfg = Release|Any CPU
		{674C2D0A-BAFC-4FD0-8B8D-D22BB03D2C82}.Release|x86.Build.0 = Release|Any CPU
		{0953870D-1B03-47AD-8FE1-C26FE62FA5B7}.Debug|Any CPU.ActiveCfg = Debug|Any CPU
		{0953870D-1B03-47AD-8FE1-C26FE62FA5B7}.Debug|Any CPU.Build.0 = Debug|Any CPU
		{0953870D-1B03-47AD-8FE1-C26FE62FA5B7}.Debug|x64.ActiveCfg = Debug|Any CPU
		{0953870D-1B03-47AD-8FE1-C26FE62FA5B7}.Debug|x64.Build.0 = Debug|Any CPU
		{0953870D-1B03-47AD-8FE1-C26FE62FA5B7}.Debug|x86.ActiveCfg = Debug|Any CPU
		{0953870D-1B03-47AD-8FE1-C26FE62FA5B7}.Debug|x86.Build.0 = Debug|Any CPU
		{0953870D-1B03-47AD-8FE1-C26FE62FA5B7}.Release|Any CPU.ActiveCfg = Release|Any CPU
		{0953870D-1B03-47AD-8FE1-C26FE62FA5B7}.Release|Any CPU.Build.0 = Release|Any CPU
		{0953870D-1B03-47AD-8FE1-C26FE62FA5B7}.Release|x64.ActiveCfg = Release|Any CPU
		{0953870D-1B03-47AD-8FE1-C26FE62FA5B7}.Release|x64.Build.0 = Release|Any CPU
		{0953870D-1B03-47AD-8FE1-C26FE62FA5B7}.Release|x86.ActiveCfg = Release|Any CPU
		{0953870D-1B03-47AD-8FE1-C26FE62FA5B7}.Release|x86.Build.0 = Release|Any CPU
		{0B303962-DA5E-4A68-9D2F-93C5BF93C77A}.Debug|Any CPU.ActiveCfg = Debug|Any CPU
		{0B303962-DA5E-4A68-9D2F-93C5BF93C77A}.Debug|Any CPU.Build.0 = Debug|Any CPU
		{0B303962-DA5E-4A68-9D2F-93C5BF93C77A}.Debug|x64.ActiveCfg = Debug|Any CPU
		{0B303962-DA5E-4A68-9D2F-93C5BF93C77A}.Debug|x64.Build.0 = Debug|Any CPU
		{0B303962-DA5E-4A68-9D2F-93C5BF93C77A}.Debug|x86.ActiveCfg = Debug|Any CPU
		{0B303962-DA5E-4A68-9D2F-93C5BF93C77A}.Debug|x86.Build.0 = Debug|Any CPU
		{0B303962-DA5E-4A68-9D2F-93C5BF93C77A}.Release|Any CPU.ActiveCfg = Release|Any CPU
		{0B303962-DA5E-4A68-9D2F-93C5BF93C77A}.Release|Any CPU.Build.0 = Release|Any CPU
		{0B303962-DA5E-4A68-9D2F-93C5BF93C77A}.Release|x64.ActiveCfg = Release|Any CPU
		{0B303962-DA5E-4A68-9D2F-93C5BF93C77A}.Release|x64.Build.0 = Release|Any CPU
		{0B303962-DA5E-4A68-9D2F-93C5BF93C77A}.Release|x86.ActiveCfg = Release|Any CPU
		{0B303962-DA5E-4A68-9D2F-93C5BF93C77A}.Release|x86.Build.0 = Release|Any CPU
		{19CADE51-D09A-4DF8-B0AE-41F16054C9C4}.Debug|Any CPU.ActiveCfg = Debug|Any CPU
		{19CADE51-D09A-4DF8-B0AE-41F16054C9C4}.Debug|Any CPU.Build.0 = Debug|Any CPU
		{19CADE51-D09A-4DF8-B0AE-41F16054C9C4}.Debug|x64.ActiveCfg = Debug|Any CPU
		{19CADE51-D09A-4DF8-B0AE-41F16054C9C4}.Debug|x64.Build.0 = Debug|Any CPU
		{19CADE51-D09A-4DF8-B0AE-41F16054C9C4}.Debug|x86.ActiveCfg = Debug|Any CPU
		{19CADE51-D09A-4DF8-B0AE-41F16054C9C4}.Debug|x86.Build.0 = Debug|Any CPU
		{19CADE51-D09A-4DF8-B0AE-41F16054C9C4}.Release|Any CPU.ActiveCfg = Release|Any CPU
		{19CADE51-D09A-4DF8-B0AE-41F16054C9C4}.Release|Any CPU.Build.0 = Release|Any CPU
		{19CADE51-D09A-4DF8-B0AE-41F16054C9C4}.Release|x64.ActiveCfg = Release|Any CPU
		{19CADE51-D09A-4DF8-B0AE-41F16054C9C4}.Release|x64.Build.0 = Release|Any CPU
		{19CADE51-D09A-4DF8-B0AE-41F16054C9C4}.Release|x86.ActiveCfg = Release|Any CPU
		{19CADE51-D09A-4DF8-B0AE-41F16054C9C4}.Release|x86.Build.0 = Release|Any CPU
		{29ED1F9A-B648-4582-8930-B390655595B8}.Debug|Any CPU.ActiveCfg = Debug|Any CPU
		{29ED1F9A-B648-4582-8930-B390655595B8}.Debug|Any CPU.Build.0 = Debug|Any CPU
		{29ED1F9A-B648-4582-8930-B390655595B8}.Debug|x64.ActiveCfg = Debug|Any CPU
		{29ED1F9A-B648-4582-8930-B390655595B8}.Debug|x64.Build.0 = Debug|Any CPU
		{29ED1F9A-B648-4582-8930-B390655595B8}.Debug|x86.ActiveCfg = Debug|Any CPU
		{29ED1F9A-B648-4582-8930-B390655595B8}.Debug|x86.Build.0 = Debug|Any CPU
		{29ED1F9A-B648-4582-8930-B390655595B8}.Release|Any CPU.ActiveCfg = Release|Any CPU
		{29ED1F9A-B648-4582-8930-B390655595B8}.Release|Any CPU.Build.0 = Release|Any CPU
		{29ED1F9A-B648-4582-8930-B390655595B8}.Release|x64.ActiveCfg = Release|Any CPU
		{29ED1F9A-B648-4582-8930-B390655595B8}.Release|x64.Build.0 = Release|Any CPU
		{29ED1F9A-B648-4582-8930-B390655595B8}.Release|x86.ActiveCfg = Release|Any CPU
		{29ED1F9A-B648-4582-8930-B390655595B8}.Release|x86.Build.0 = Release|Any CPU
		{49CA8967-B6AE-4C40-984A-C7BF22FF7444}.Debug|Any CPU.ActiveCfg = Debug|Any CPU
		{49CA8967-B6AE-4C40-984A-C7BF22FF7444}.Debug|Any CPU.Build.0 = Debug|Any CPU
		{49CA8967-B6AE-4C40-984A-C7BF22FF7444}.Debug|x64.ActiveCfg = Debug|Any CPU
		{49CA8967-B6AE-4C40-984A-C7BF22FF7444}.Debug|x64.Build.0 = Debug|Any CPU
		{49CA8967-B6AE-4C40-984A-C7BF22FF7444}.Debug|x86.ActiveCfg = Debug|Any CPU
		{49CA8967-B6AE-4C40-984A-C7BF22FF7444}.Debug|x86.Build.0 = Debug|Any CPU
		{49CA8967-B6AE-4C40-984A-C7BF22FF7444}.Release|Any CPU.ActiveCfg = Release|Any CPU
		{49CA8967-B6AE-4C40-984A-C7BF22FF7444}.Release|Any CPU.Build.0 = Release|Any CPU
		{49CA8967-B6AE-4C40-984A-C7BF22FF7444}.Release|x64.ActiveCfg = Release|Any CPU
		{49CA8967-B6AE-4C40-984A-C7BF22FF7444}.Release|x64.Build.0 = Release|Any CPU
		{49CA8967-B6AE-4C40-984A-C7BF22FF7444}.Release|x86.ActiveCfg = Release|Any CPU
		{49CA8967-B6AE-4C40-984A-C7BF22FF7444}.Release|x86.Build.0 = Release|Any CPU
		{25DFEAC2-E26D-4A5B-BC64-87CE87DFB0B2}.Debug|Any CPU.ActiveCfg = Debug|Any CPU
		{25DFEAC2-E26D-4A5B-BC64-87CE87DFB0B2}.Debug|Any CPU.Build.0 = Debug|Any CPU
		{25DFEAC2-E26D-4A5B-BC64-87CE87DFB0B2}.Debug|x64.ActiveCfg = Debug|Any CPU
		{25DFEAC2-E26D-4A5B-BC64-87CE87DFB0B2}.Debug|x64.Build.0 = Debug|Any CPU
		{25DFEAC2-E26D-4A5B-BC64-87CE87DFB0B2}.Debug|x86.ActiveCfg = Debug|Any CPU
		{25DFEAC2-E26D-4A5B-BC64-87CE87DFB0B2}.Debug|x86.Build.0 = Debug|Any CPU
		{25DFEAC2-E26D-4A5B-BC64-87CE87DFB0B2}.Release|Any CPU.ActiveCfg = Release|Any CPU
		{25DFEAC2-E26D-4A5B-BC64-87CE87DFB0B2}.Release|Any CPU.Build.0 = Release|Any CPU
		{25DFEAC2-E26D-4A5B-BC64-87CE87DFB0B2}.Release|x64.ActiveCfg = Release|Any CPU
		{25DFEAC2-E26D-4A5B-BC64-87CE87DFB0B2}.Release|x64.Build.0 = Release|Any CPU
		{25DFEAC2-E26D-4A5B-BC64-87CE87DFB0B2}.Release|x86.ActiveCfg = Release|Any CPU
		{25DFEAC2-E26D-4A5B-BC64-87CE87DFB0B2}.Release|x86.Build.0 = Release|Any CPU
		{307E7725-3B78-458D-A117-5B5DFD5EEFC7}.Debug|Any CPU.ActiveCfg = Debug|Any CPU
		{307E7725-3B78-458D-A117-5B5DFD5EEFC7}.Debug|Any CPU.Build.0 = Debug|Any CPU
		{307E7725-3B78-458D-A117-5B5DFD5EEFC7}.Debug|x64.ActiveCfg = Debug|Any CPU
		{307E7725-3B78-458D-A117-5B5DFD5EEFC7}.Debug|x64.Build.0 = Debug|Any CPU
		{307E7725-3B78-458D-A117-5B5DFD5EEFC7}.Debug|x86.ActiveCfg = Debug|Any CPU
		{307E7725-3B78-458D-A117-5B5DFD5EEFC7}.Debug|x86.Build.0 = Debug|Any CPU
		{307E7725-3B78-458D-A117-5B5DFD5EEFC7}.Release|Any CPU.ActiveCfg = Release|Any CPU
		{307E7725-3B78-458D-A117-5B5DFD5EEFC7}.Release|Any CPU.Build.0 = Release|Any CPU
		{307E7725-3B78-458D-A117-5B5DFD5EEFC7}.Release|x64.ActiveCfg = Release|Any CPU
		{307E7725-3B78-458D-A117-5B5DFD5EEFC7}.Release|x64.Build.0 = Release|Any CPU
		{307E7725-3B78-458D-A117-5B5DFD5EEFC7}.Release|x86.ActiveCfg = Release|Any CPU
		{307E7725-3B78-458D-A117-5B5DFD5EEFC7}.Release|x86.Build.0 = Release|Any CPU
	EndGlobalSection
	GlobalSection(SolutionProperties) = preSolution
		HideSolutionNode = FALSE
	EndGlobalSection
	GlobalSection(NestedProjects) = preSolution
		{FCA01246-F2C6-0AA7-D43F-FD13BE0B9D88} = {827E0CD3-B72D-47B6-A68D-7590B98EB39B}
		{B184A1B4-7495-40C0-A41A-160EF2ED9014} = {FCA01246-F2C6-0AA7-D43F-FD13BE0B9D88}
		{984BB9B3-3FA3-BE33-9484-CAC21695A33C} = {827E0CD3-B72D-47B6-A68D-7590B98EB39B}
		{674C2D0A-BAFC-4FD0-8B8D-D22BB03D2C82} = {984BB9B3-3FA3-BE33-9484-CAC21695A33C}
		{0953870D-1B03-47AD-8FE1-C26FE62FA5B7} = {984BB9B3-3FA3-BE33-9484-CAC21695A33C}
		{0B303962-DA5E-4A68-9D2F-93C5BF93C77A} = {984BB9B3-3FA3-BE33-9484-CAC21695A33C}
		{19CADE51-D09A-4DF8-B0AE-41F16054C9C4} = {984BB9B3-3FA3-BE33-9484-CAC21695A33C}
		{29ED1F9A-B648-4582-8930-B390655595B8} = {984BB9B3-3FA3-BE33-9484-CAC21695A33C}
		{49CA8967-B6AE-4C40-984A-C7BF22FF7444} = {984BB9B3-3FA3-BE33-9484-CAC21695A33C}
		{C8E42992-5E42-0C2B-DBFE-AA848D06431C} = {827E0CD3-B72D-47B6-A68D-7590B98EB39B}
		{25DFEAC2-E26D-4A5B-BC64-87CE87DFB0B2} = {C8E42992-5E42-0C2B-DBFE-AA848D06431C}
		{307E7725-3B78-458D-A117-5B5DFD5EEFC7} = {C8E42992-5E42-0C2B-DBFE-AA848D06431C}
	EndGlobalSection
EndGlobal
